
Microsoft Visual Studio Solution File, Format Version 12.00
# Visual Studio Version 17
VisualStudioVersion = 17.5.001.0
MinimumVisualStudioVersion = 10.0.40219.1
Project("{9A19103F-16F7-4668-BE54-9A1E7A4F7556}") = "api", "api.csproj", "{FEBF9CFA-1271-4F28-9779-B177A8035DBB}"
EndProject
Global
	GlobalSection(SolutionConfigurationPlatforms) = preSolution
		Debug|Any CPU = Debug|Any CPU
		Release|Any CPU = Release|Any CPU
	EndGlobalSection
	GlobalSection(ProjectConfigurationPlatforms) = postSolution
		{FEBF9CFA-1271-4F28-9779-B177A8035DBB}.Debug|Any CPU.ActiveCfg = Debug|Any CPU
		{FEBF9CFA-1271-4F28-9779-B177A8035DBB}.Debug|Any CPU.Build.0 = Debug|Any CPU
		{FEBF9CFA-1271-4F28-9779-B177A8035DBB}.Release|Any CPU.ActiveCfg = Release|Any CPU
		{FEBF9CFA-1271-4F28-9779-B177A8035DBB}.Release|Any CPU.Build.0 = Release|Any CPU
	EndGlobalSection
	GlobalSection(SolutionProperties) = preSolution
		HideSolutionNode = FALSE
	EndGlobalSection
	GlobalSection(ExtensibilityGlobals) = postSolution
		SolutionGuid = {B242A6F2-0413-4AB4-9E26-CDE0A5944120}
	EndGlobalSection
EndGlobal
